// !$*UTF8*$!
{
	archiveVersion = 1;
	classes = {
	};
	objectVersion = 46;
	objects = {

/* Begin PBXBuildFile section */
		AE071F911D5A6FF400C78228 /* AppDelegate.swift in Sources */ = {isa = PBXBuildFile; fileRef = AE071F901D5A6FF400C78228 /* AppDelegate.swift */; };
		AE071F931D5A6FF400C78228 /* ViewController.swift in Sources */ = {isa = PBXBuildFile; fileRef = AE071F921D5A6FF400C78228 /* ViewController.swift */; };
		AE071F961D5A6FF400C78228 /* Main.storyboard in Resources */ = {isa = PBXBuildFile; fileRef = AE071F941D5A6FF400C78228 /* Main.storyboard */; };
		AE071F981D5A6FF400C78228 /* Assets.xcassets in Resources */ = {isa = PBXBuildFile; fileRef = AE071F971D5A6FF400C78228 /* Assets.xcassets */; };
		AE071F9B1D5A6FF400C78228 /* LaunchScreen.storyboard in Resources */ = {isa = PBXBuildFile; fileRef = AE071F991D5A6FF400C78228 /* LaunchScreen.storyboard */; };
		AE071FA61D5A6FF400C78228 /* BluetoothTestTests.swift in Sources */ = {isa = PBXBuildFile; fileRef = AE071FA51D5A6FF400C78228 /* BluetoothTestTests.swift */; };
		AE071FB11D5BB32400C78228 /* CoreBluetooth.framework in Frameworks */ = {isa = PBXBuildFile; fileRef = AE071FB01D5BB32400C78228 /* CoreBluetooth.framework */; };
		AE1F7EF51D6184D100C16D79 /* BluetoothManager.swift in Sources */ = {isa = PBXBuildFile; fileRef = AE1F7EF41D6184D100C16D79 /* BluetoothManager.swift */; };
		AE1F7EF71D61A31200C16D79 /* SavedViewController.swift in Sources */ = {isa = PBXBuildFile; fileRef = AE1F7EF61D61A31200C16D79 /* SavedViewController.swift */; };
/* End PBXBuildFile section */

/* Begin PBXContainerItemProxy section */
		AE071FA21D5A6FF400C78228 /* PBXContainerItemProxy */ = {
			isa = PBXContainerItemProxy;
			containerPortal = AE071F851D5A6FF400C78228 /* Project object */;
			proxyType = 1;
			remoteGlobalIDString = AE071F8C1D5A6FF400C78228;
			remoteInfo = BluetoothTest;
		};
/* End PBXContainerItemProxy section */

/* Begin PBXFileReference section */
		AE071F8D1D5A6FF400C78228 /* BluetoothTest.app */ = {isa = PBXFileReference; explicitFileType = wrapper.application; includeInIndex = 0; path = BluetoothTest.app; sourceTree = BUILT_PRODUCTS_DIR; };
		AE071F901D5A6FF400C78228 /* AppDelegate.swift */ = {isa = PBXFileReference; lastKnownFileType = sourcecode.swift; path = AppDelegate.swift; sourceTree = "<group>"; };
		AE071F921D5A6FF400C78228 /* ViewController.swift */ = {isa = PBXFileReference; indentWidth = 3; lastKnownFileType = sourcecode.swift; path = ViewController.swift; sourceTree = "<group>"; };
		AE071F951D5A6FF400C78228 /* Base */ = {isa = PBXFileReference; lastKnownFileType = file.storyboard; name = Base; path = Base.lproj/Main.storyboard; sourceTree = "<group>"; };
		AE071F971D5A6FF400C78228 /* Assets.xcassets */ = {isa = PBXFileReference; lastKnownFileType = folder.assetcatalog; path = Assets.xcassets; sourceTree = "<group>"; };
		AE071F9A1D5A6FF400C78228 /* Base */ = {isa = PBXFileReference; lastKnownFileType = file.storyboard; name = Base; path = Base.lproj/LaunchScreen.storyboard; sourceTree = "<group>"; };
		AE071F9C1D5A6FF400C78228 /* Info.plist */ = {isa = PBXFileReference; lastKnownFileType = text.plist.xml; path = Info.plist; sourceTree = "<group>"; };
		AE071FA11D5A6FF400C78228 /* BluetoothTestTests.xctest */ = {isa = PBXFileReference; explicitFileType = wrapper.cfbundle; includeInIndex = 0; path = BluetoothTestTests.xctest; sourceTree = BUILT_PRODUCTS_DIR; };
		AE071FA51D5A6FF400C78228 /* BluetoothTestTests.swift */ = {isa = PBXFileReference; lastKnownFileType = sourcecode.swift; path = BluetoothTestTests.swift; sourceTree = "<group>"; };
		AE071FA71D5A6FF400C78228 /* Info.plist */ = {isa = PBXFileReference; lastKnownFileType = text.plist.xml; path = Info.plist; sourceTree = "<group>"; };
		AE071FB01D5BB32400C78228 /* CoreBluetooth.framework */ = {isa = PBXFileReference; lastKnownFileType = wrapper.framework; name = CoreBluetooth.framework; path = System/Library/Frameworks/CoreBluetooth.framework; sourceTree = SDKROOT; };
		AE1F7EF41D6184D100C16D79 /* BluetoothManager.swift */ = {isa = PBXFileReference; fileEncoding = 4; lastKnownFileType = sourcecode.swift; path = BluetoothManager.swift; sourceTree = "<group>"; };
		AE1F7EF61D61A31200C16D79 /* SavedViewController.swift */ = {isa = PBXFileReference; fileEncoding = 4; lastKnownFileType = sourcecode.swift; path = SavedViewController.swift; sourceTree = "<group>"; };
/* End PBXFileReference section */

/* Begin PBXFrameworksBuildPhase section */
		AE071F8A1D5A6FF400C78228 /* Frameworks */ = {
			isa = PBXFrameworksBuildPhase;
			buildActionMask = 2147483647;
			files = (
				AE071FB11D5BB32400C78228 /* CoreBluetooth.framework in Frameworks */,
			);
			runOnlyForDeploymentPostprocessing = 0;
		};
		AE071F9E1D5A6FF400C78228 /* Frameworks */ = {
			isa = PBXFrameworksBuildPhase;
			buildActionMask = 2147483647;
			files = (
			);
			runOnlyForDeploymentPostprocessing = 0;
		};
/* End PBXFrameworksBuildPhase section */

/* Begin PBXGroup section */
		AE071F841D5A6FF400C78228 = {
			isa = PBXGroup;
			children = (
				AE071F8F1D5A6FF400C78228 /* BluetoothTest */,
				AEF8A6941D62BAFD0028DCBA /* Frameworks */,
				AE071FA41D5A6FF400C78228 /* BluetoothTestTests */,
				AE071F8E1D5A6FF400C78228 /* Products */,
			);
			sourceTree = "<group>";
		};
		AE071F8E1D5A6FF400C78228 /* Products */ = {
			isa = PBXGroup;
			children = (
				AE071F8D1D5A6FF400C78228 /* BluetoothTest.app */,
				AE071FA11D5A6FF400C78228 /* BluetoothTestTests.xctest */,
			);
			name = Products;
			sourceTree = "<group>";
		};
		AE071F8F1D5A6FF400C78228 /* BluetoothTest */ = {
			isa = PBXGroup;
			children = (
				AE071F901D5A6FF400C78228 /* AppDelegate.swift */,
				AE071F921D5A6FF400C78228 /* ViewController.swift */,
				AE1F7EF61D61A31200C16D79 /* SavedViewController.swift */,
				AE1F7EF41D6184D100C16D79 /* BluetoothManager.swift */,
				AE071F941D5A6FF400C78228 /* Main.storyboard */,
				AE071F991D5A6FF400C78228 /* LaunchScreen.storyboard */,
				AE071F971D5A6FF400C78228 /* Assets.xcassets */,
				AE071F9C1D5A6FF400C78228 /* Info.plist */,
			);
			path = BluetoothTest;
			sourceTree = "<group>";
		};
		AE071FA41D5A6FF400C78228 /* BluetoothTestTests */ = {
			isa = PBXGroup;
			children = (
				AE071FA51D5A6FF400C78228 /* BluetoothTestTests.swift */,
				AE071FA71D5A6FF400C78228 /* Info.plist */,
			);
			path = BluetoothTestTests;
			sourceTree = "<group>";
		};
		AEF8A6941D62BAFD0028DCBA /* Frameworks */ = {
			isa = PBXGroup;
			children = (
				AE071FB01D5BB32400C78228 /* CoreBluetooth.framework */,
			);
			name = Frameworks;
			sourceTree = "<group>";
		};
/* End PBXGroup section */

/* Begin PBXNativeTarget section */
		AE071F8C1D5A6FF400C78228 /* BluetoothTest */ = {
			isa = PBXNativeTarget;
			buildConfigurationList = AE071FAA1D5A6FF400C78228 /* Build configuration list for PBXNativeTarget "BluetoothTest" */;
			buildPhases = (
				AE071F891D5A6FF400C78228 /* Sources */,
				AE071F8A1D5A6FF400C78228 /* Frameworks */,
				AE071F8B1D5A6FF400C78228 /* Resources */,
			);
			buildRules = (
			);
			dependencies = (
			);
			name = BluetoothTest;
			productName = BluetoothTest;
			productReference = AE071F8D1D5A6FF400C78228 /* BluetoothTest.app */;
			productType = "com.apple.product-type.application";
		};
		AE071FA01D5A6FF400C78228 /* BluetoothTestTests */ = {
			isa = PBXNativeTarget;
			buildConfigurationList = AE071FAD1D5A6FF400C78228 /* Build configuration list for PBXNativeTarget "BluetoothTestTests" */;
			buildPhases = (
				AE071F9D1D5A6FF400C78228 /* Sources */,
				AE071F9E1D5A6FF400C78228 /* Frameworks */,
				AE071F9F1D5A6FF400C78228 /* Resources */,
			);
			buildRules = (
			);
			dependencies = (
				AE071FA31D5A6FF400C78228 /* PBXTargetDependency */,
			);
			name = BluetoothTestTests;
			productName = BluetoothTestTests;
			productReference = AE071FA11D5A6FF400C78228 /* BluetoothTestTests.xctest */;
			productType = "com.apple.product-type.bundle.unit-test";
		};
/* End PBXNativeTarget section */

/* Begin PBXProject section */
		AE071F851D5A6FF400C78228 /* Project object */ = {
			isa = PBXProject;
			attributes = {
				LastSwiftUpdateCheck = 0730;
				LastUpgradeCheck = 0730;
				ORGANIZATIONNAME = "Asinine Games";
				TargetAttributes = {
					AE071F8C1D5A6FF400C78228 = {
						CreatedOnToolsVersion = 7.3.1;
						DevelopmentTeam = 8XMH5W9E9K;
					};
					AE071FA01D5A6FF400C78228 = {
						CreatedOnToolsVersion = 7.3.1;
						TestTargetID = AE071F8C1D5A6FF400C78228;
					};
				};
			};
			buildConfigurationList = AE071F881D5A6FF400C78228 /* Build configuration list for PBXProject "BluetoothTest" */;
			compatibilityVersion = "Xcode 3.2";
			developmentRegion = English;
			hasScannedForEncodings = 0;
			knownRegions = (
				en,
				Base,
			);
			mainGroup = AE071F841D5A6FF400C78228;
			productRefGroup = AE071F8E1D5A6FF400C78228 /* Products */;
			projectDirPath = "";
			projectRoot = "";
			targets = (
				AE071F8C1D5A6FF400C78228 /* BluetoothTest */,
				AE071FA01D5A6FF400C78228 /* BluetoothTestTests */,
			);
		};
/* End PBXProject section */

/* Begin PBXResourcesBuildPhase section */
		AE071F8B1D5A6FF400C78228 /* Resources */ = {
			isa = PBXResourcesBuildPhase;
			buildActionMask = 2147483647;
			files = (
				AE071F9B1D5A6FF400C78228 /* LaunchScreen.storyboard in Resources */,
				AE071F981D5A6FF400C78228 /* Assets.xcassets in Resources */,
				AE071F961D5A6FF400C78228 /* Main.storyboard in Resources */,
			);
			runOnlyForDeploymentPostprocessing = 0;
		};
		AE071F9F1D5A6FF400C78228 /* Resources */ = {
			isa = PBXResourcesBuildPhase;
			buildActionMask = 2147483647;
			files = (
			);
			runOnlyForDeploymentPostprocessing = 0;
		};
/* End PBXResourcesBuildPhase section */

/* Begin PBXSourcesBuildPhase section */
		AE071F891D5A6FF400C78228 /* Sources */ = {
			isa = PBXSourcesBuildPhase;
			buildActionMask = 2147483647;
			files = (
				AE071F931D5A6FF400C78228 /* ViewController.swift in Sources */,
				AE1F7EF51D6184D100C16D79 /* BluetoothManager.swift in Sources */,
				AE1F7EF71D61A31200C16D79 /* SavedViewController.swift in Sources */,
				AE071F911D5A6FF400C78228 /* AppDelegate.swift in Sources */,
			);
			runOnlyForDeploymentPostprocessing = 0;
		};
		AE071F9D1D5A6FF400C78228 /* Sources */ = {
			isa = PBXSourcesBuildPhase;
			buildActionMask = 2147483647;
			files = (
				AE071FA61D5A6FF400C78228 /* BluetoothTestTests.swift in Sources */,
			);
			runOnlyForDeploymentPostprocessing = 0;
		};
/* End PBXSourcesBuildPhase section */

/* Begin PBXTargetDependency section */
		AE071FA31D5A6FF400C78228 /* PBXTargetDependency */ = {
			isa = PBXTargetDependency;
			target = AE071F8C1D5A6FF400C78228 /* BluetoothTest */;
			targetProxy = AE071FA21D5A6FF400C78228 /* PBXContainerItemProxy */;
		};
/* End PBXTargetDependency section */

/* Begin PBXVariantGroup section */
		AE071F941D5A6FF400C78228 /* Main.storyboard */ = {
			isa = PBXVariantGroup;
			children = (
				AE071F951D5A6FF400C78228 /* Base */,
			);
			name = Main.storyboard;
			sourceTree = "<group>";
		};
		AE071F991D5A6FF400C78228 /* LaunchScreen.storyboard */ = {
			isa = PBXVariantGroup;
			children = (
				AE071F9A1D5A6FF400C78228 /* Base */,
			);
			name = LaunchScreen.storyboard;
			sourceTree = "<group>";
		};
/* End PBXVariantGroup section */

/* Begin XCBuildConfiguration section */
		AE071FA81D5A6FF400C78228 /* Debug */ = {
			isa = XCBuildConfiguration;
			buildSettings = {
				ALWAYS_SEARCH_USER_PATHS = NO;
				CLANG_ANALYZER_NONNULL = YES;
				CLANG_CXX_LANGUAGE_STANDARD = "gnu++0x";
				CLANG_CXX_LIBRARY = "libc++";
				CLANG_ENABLE_MODULES = YES;
				CLANG_ENABLE_OBJC_ARC = YES;
				CLANG_WARN_BOOL_CONVERSION = YES;
				CLANG_WARN_CONSTANT_CONVERSION = YES;
				CLANG_WARN_DIRECT_OBJC_ISA_USAGE = YES_ERROR;
				CLANG_WARN_EMPTY_BODY = YES;
				CLANG_WARN_ENUM_CONVERSION = YES;
				CLANG_WARN_INT_CONVERSION = YES;
				CLANG_WARN_OBJC_ROOT_CLASS = YES_ERROR;
				CLANG_WARN_UNREACHABLE_CODE = YES;
				CLANG_WARN__DUPLICATE_METHOD_MATCH = YES;
				"CODE_SIGN_IDENTITY[sdk=iphoneos*]" = "iPhone Developer";
				COPY_PHASE_STRIP = NO;
				DEBUG_INFORMATION_FORMAT = dwarf;
				ENABLE_STRICT_OBJC_MSGSEND = YES;
				ENABLE_TESTABILITY = YES;
				GCC_C_LANGUAGE_STANDARD = gnu99;
				GCC_DYNAMIC_NO_PIC = NO;
				GCC_NO_COMMON_BLOCKS = YES;
				GCC_OPTIMIZATION_LEVEL = 0;
				GCC_PREPROCESSOR_DEFINITIONS = (
					"DEBUG=1",
					"$(inherited)",
				);
				GCC_WARN_64_TO_32_BIT_CONVERSION = YES;
				GCC_WARN_ABOUT_RETURN_TYPE = YES_ERROR;
				GCC_WARN_UNDECLARED_SELECTOR = YES;
				GCC_WARN_UNINITIALIZED_AUTOS = YES_AGGRESSIVE;
				GCC_WARN_UNUSED_FUNCTION = YES;
				GCC_WARN_UNUSED_VARIABLE = YES;
				IPHONEOS_DEPLOYMENT_TARGET = 9.3;
				MTL_ENABLE_DEBUG_INFO = YES;
				ONLY_ACTIVE_ARCH = YES;
				SDKROOT = iphoneos;
				SWIFT_OPTIMIZATION_LEVEL = "-Onone";
				TARGETED_DEVICE_FAMILY = "1,2";
			};
			name = Debug;
		};
		AE071FA91D5A6FF400C78228 /* Release */ = {
			isa = XCBuildConfiguration;
			buildSettings = {
				ALWAYS_SEARCH_USER_PATHS = NO;
				CLANG_ANALYZER_NONNULL = YES;
				CLANG_CXX_LANGUAGE_STANDARD = "gnu++0x";
				CLANG_CXX_LIBRARY = "libc++";
				CLANG_ENABLE_MODULES = YES;
				CLANG_ENABLE_OBJC_ARC = YES;
				CLANG_WARN_BOOL_CONVERSION = YES;
				CLANG_WARN_CONSTANT_CONVERSION = YES;
				CLANG_WARN_DIRECT_OBJC_ISA_USAGE = YES_ERROR;
				CLANG_WARN_EMPTY_BODY = YES;
				CLANG_WARN_ENUM_CONVERSION = YES;
				CLANG_WARN_INT_CONVERSION = YES;
				CLANG_WARN_OBJC_ROOT_CLASS = YES_ERROR;
				CLANG_WARN_UNREACHABLE_CODE = YES;
				CLANG_WARN__DUPLICATE_METHOD_MATCH = YES;
				"CODE_SIGN_IDENTITY[sdk=iphoneos*]" = "iPhone Developer";
				COPY_PHASE_STRIP = NO;
				DEBUG_INFORMATION_FORMAT = "dwarf-with-dsym";
				ENABLE_NS_ASSERTIONS = NO;
				ENABLE_STRICT_OBJC_MSGSEND = YES;
				GCC_C_LANGUAGE_STANDARD = gnu99;
				GCC_NO_COMMON_BLOCKS = YES;
				GCC_WARN_64_TO_32_BIT_CONVERSION = YES;
				GCC_WARN_ABOUT_RETURN_TYPE = YES_ERROR;
				GCC_WARN_UNDECLARED_SELECTOR = YES;
				GCC_WARN_UNINITIALIZED_AUTOS = YES_AGGRESSIVE;
				GCC_WARN_UNUSED_FUNCTION = YES;
				GCC_WARN_UNUSED_VARIABLE = YES;
				IPHONEOS_DEPLOYMENT_TARGET = 9.3;
				MTL_ENABLE_DEBUG_INFO = NO;
				SDKROOT = iphoneos;
				TARGETED_DEVICE_FAMILY = "1,2";
				VALIDATE_PRODUCT = YES;
			};
			name = Release;
		};
		AE071FAB1D5A6FF400C78228 /* Debug */ = {
			isa = XCBuildConfiguration;
			buildSettings = {
				ASSETCATALOG_COMPILER_APPICON_NAME = AppIcon;
				CODE_SIGN_IDENTITY = "iPhone Developer";
				"CODE_SIGN_IDENTITY[sdk=iphoneos*]" = "iPhone Developer";
				INFOPLIST_FILE = BluetoothTest/Info.plist;
				LD_RUNPATH_SEARCH_PATHS = "$(inherited) @executable_path/Frameworks";
				PRODUCT_BUNDLE_IDENTIFIER = com.asininegames.BluetoothTest;
				PRODUCT_NAME = "$(TARGET_NAME)";
				PROVISIONING_PROFILE = "";
			};
			name = Debug;
		};
		AE071FAC1D5A6FF400C78228 /* Release */ = {
			isa = XCBuildConfiguration;
			buildSettings = {
				ASSETCATALOG_COMPILER_APPICON_NAME = AppIcon;
				CODE_SIGN_IDENTITY = "iPhone Developer";
				"CODE_SIGN_IDENTITY[sdk=iphoneos*]" = "iPhone Developer";
				INFOPLIST_FILE = BluetoothTest/Info.plist;
				LD_RUNPATH_SEARCH_PATHS = "$(inherited) @executable_path/Frameworks";
				PRODUCT_BUNDLE_IDENTIFIER = com.asininegames.BluetoothTest;
				PRODUCT_NAME = "$(TARGET_NAME)";
				PROVISIONING_PROFILE = "";
			};
			name = Release;
		};
		AE071FAE1D5A6FF400C78228 /* Debug */ = {
			isa = XCBuildConfiguration;
			buildSettings = {
				BUNDLE_LOADER = "$(TEST_HOST)";
				INFOPLIST_FILE = BluetoothTestTests/Info.plist;
				LD_RUNPATH_SEARCH_PATHS = "$(inherited) @executable_path/Frameworks @loader_path/Frameworks";
				PRODUCT_BUNDLE_IDENTIFIER = com.asininegames.BluetoothTestTests;
				PRODUCT_NAME = "$(TARGET_NAME)";
				TEST_HOST = "$(BUILT_PRODUCTS_DIR)/BluetoothTest.app/BluetoothTest";
			};
			name = Debug;
		};
		AE071FAF1D5A6FF400C78228 /* Release */ = {
			isa = XCBuildConfiguration;
			buildSettings = {
				BUNDLE_LOADER = "$(TEST_HOST)";
				INFOPLIST_FILE = BluetoothTestTests/Info.plist;
				LD_RUNPATH_SEARCH_PATHS = "$(inherited) @executable_path/Frameworks @loader_path/Frameworks";
				PRODUCT_BUNDLE_IDENTIFIER = com.asininegames.BluetoothTestTests;
				PRODUCT_NAME = "$(TARGET_NAME)";
				TEST_HOST = "$(BUILT_PRODUCTS_DIR)/BluetoothTest.app/BluetoothTest";
			};
			name = Release;
		};
/* End XCBuildConfiguration section */

/* Begin XCConfigurationList section */
		AE071F881D5A6FF400C78228 /* Build configuration list for PBXProject "BluetoothTest" */ = {
			isa = XCConfigurationList;
			buildConfigurations = (
				AE071FA81D5A6FF400C78228 /* Debug */,
				AE071FA91D5A6FF400C78228 /* Release */,
			);
			defaultConfigurationIsVisible = 0;
			defaultConfigurationName = Release;
		};
		AE071FAA1D5A6FF400C78228 /* Build configuration list for PBXNativeTarget "BluetoothTest" */ = {
			isa = XCConfigurationList;
			buildConfigurations = (
				AE071FAB1D5A6FF400C78228 /* Debug */,
				AE071FAC1D5A6FF400C78228 /* Release */,
			);
			defaultConfigurationIsVisible = 0;
			defaultConfigurationName = Release;
		};
		AE071FAD1D5A6FF400C78228 /* Build configuration list for PBXNativeTarget "BluetoothTestTests" */ = {
			isa = XCConfigurationList;
			buildConfigurations = (
				AE071FAE1D5A6FF400C78228 /* Debug */,
				AE071FAF1D5A6FF400C78228 /* Release */,
			);
			defaultConfigurationIsVisible = 0;
			defaultConfigurationName = Release;
		};
/* End XCConfigurationList section */
	};
	rootObject = AE071F851D5A6FF400C78228 /* Project object */;
}
